// !$*UTF8*$!
{
	archiveVersion = 1;
	classes = {
	};
	objectVersion = 55;
	objects = {

/* Begin PBXBuildFile section */
		786796302CF73C6B00352F7A /* d3-stories-instagram in Frameworks */ = {isa = PBXBuildFile; productRef = 7867962F2CF73C6B00352F7A /* d3-stories-instagram */; };
		786796322CF73C7600352F7A /* d3-stories-instagram in Frameworks */ = {isa = PBXBuildFile; productRef = 786796312CF73C7600352F7A /* d3-stories-instagram */; };
		B2903272286B0C88007E0B93 /* README.md in Resources */ = {isa = PBXBuildFile; fileRef = B2903271286B0C88007E0B93 /* README.md */; };
		B2C8A3C4286446E300097727 /* d3_stories_instagram_exampleApp.swift in Sources */ = {isa = PBXBuildFile; fileRef = B2C8A3B4286446E200097727 /* d3_stories_instagram_exampleApp.swift */; };
		B2C8A3C5286446E300097727 /* d3_stories_instagram_exampleApp.swift in Sources */ = {isa = PBXBuildFile; fileRef = B2C8A3B4286446E200097727 /* d3_stories_instagram_exampleApp.swift */; };
		B2C8A3C6286446E300097727 /* ContentView.swift in Sources */ = {isa = PBXBuildFile; fileRef = B2C8A3B5286446E200097727 /* ContentView.swift */; };
		B2C8A3C7286446E300097727 /* ContentView.swift in Sources */ = {isa = PBXBuildFile; fileRef = B2C8A3B5286446E200097727 /* ContentView.swift */; };
		B2C8A3C8286446E300097727 /* Assets.xcassets in Resources */ = {isa = PBXBuildFile; fileRef = B2C8A3B6286446E300097727 /* Assets.xcassets */; };
		B2C8A3C9286446E300097727 /* Assets.xcassets in Resources */ = {isa = PBXBuildFile; fileRef = B2C8A3B6286446E300097727 /* Assets.xcassets */; };
/* End PBXBuildFile section */

/* Begin PBXFileReference section */
		B2903271286B0C88007E0B93 /* README.md */ = {isa = PBXFileReference; fileEncoding = 4; lastKnownFileType = net.daringfireball.markdown; path = README.md; sourceTree = "<group>"; };
		B2C8A3B4286446E200097727 /* d3_stories_instagram_exampleApp.swift */ = {isa = PBXFileReference; lastKnownFileType = sourcecode.swift; path = d3_stories_instagram_exampleApp.swift; sourceTree = "<group>"; };
		B2C8A3B5286446E200097727 /* ContentView.swift */ = {isa = PBXFileReference; lastKnownFileType = sourcecode.swift; path = ContentView.swift; sourceTree = "<group>"; };
		B2C8A3B6286446E300097727 /* Assets.xcassets */ = {isa = PBXFileReference; lastKnownFileType = folder.assetcatalog; path = Assets.xcassets; sourceTree = "<group>"; };
		B2C8A3BB286446E300097727 /* d3-stories-instagram-example.app */ = {isa = PBXFileReference; explicitFileType = wrapper.application; includeInIndex = 0; path = "d3-stories-instagram-example.app"; sourceTree = BUILT_PRODUCTS_DIR; };
		B2C8A3C1286446E300097727 /* d3-stories-instagram-example.app */ = {isa = PBXFileReference; explicitFileType = wrapper.application; includeInIndex = 0; path = "d3-stories-instagram-example.app"; sourceTree = BUILT_PRODUCTS_DIR; };
		B2C8A3C3286446E300097727 /* macOS.entitlements */ = {isa = PBXFileReference; lastKnownFileType = text.plist.entitlements; path = macOS.entitlements; sourceTree = "<group>"; };
/* End PBXFileReference section */

/* Begin PBXFrameworksBuildPhase section */
		B2C8A3B8286446E300097727 /* Frameworks */ = {
			isa = PBXFrameworksBuildPhase;
			buildActionMask = 2147483647;
			files = (
				786796302CF73C6B00352F7A /* d3-stories-instagram in Frameworks */,
			);
			runOnlyForDeploymentPostprocessing = 0;
		};
		B2C8A3BE286446E300097727 /* Frameworks */ = {
			isa = PBXFrameworksBuildPhase;
			buildActionMask = 2147483647;
			files = (
				786796322CF73C7600352F7A /* d3-stories-instagram in Frameworks */,
			);
			runOnlyForDeploymentPostprocessing = 0;
		};
/* End PBXFrameworksBuildPhase section */

/* Begin PBXGroup section */
		B2C8A3AE286446E100097727 = {
			isa = PBXGroup;
			children = (
				B2903271286B0C88007E0B93 /* README.md */,
				B2C8A3D22864470F00097727 /* Packages */,
				B2C8A3B3286446E200097727 /* Shared */,
				B2C8A3C2286446E300097727 /* macOS */,
				B2C8A3BC286446E300097727 /* Products */,
				B2C8A3D42864473900097727 /* Frameworks */,
			);
			sourceTree = "<group>";
		};
		B2C8A3B3286446E200097727 /* Shared */ = {
			isa = PBXGroup;
			children = (
				B2C8A3B4286446E200097727 /* d3_stories_instagram_exampleApp.swift */,
				B2C8A3B5286446E200097727 /* ContentView.swift */,
				B2C8A3B6286446E300097727 /* Assets.xcassets */,
			);
			path = Shared;
			sourceTree = "<group>";
		};
		B2C8A3BC286446E300097727 /* Products */ = {
			isa = PBXGroup;
			children = (
				B2C8A3BB286446E300097727 /* d3-stories-instagram-example.app */,
				B2C8A3C1286446E300097727 /* d3-stories-instagram-example.app */,
			);
			name = Products;
			sourceTree = "<group>";
		};
		B2C8A3C2286446E300097727 /* macOS */ = {
			isa = PBXGroup;
			children = (
				B2C8A3C3286446E300097727 /* macOS.entitlements */,
			);
			path = macOS;
			sourceTree = "<group>";
		};
		B2C8A3D22864470F00097727 /* Packages */ = {
			isa = PBXGroup;
			children = (
			);
			name = Packages;
			sourceTree = "<group>";
		};
		B2C8A3D42864473900097727 /* Frameworks */ = {
			isa = PBXGroup;
			children = (
			);
			name = Frameworks;
			sourceTree = "<group>";
		};
/* End PBXGroup section */

/* Begin PBXNativeTarget section */
		B2C8A3BA286446E300097727 /* d3-stories-instagram-example (iOS) */ = {
			isa = PBXNativeTarget;
			buildConfigurationList = B2C8A3CC286446E300097727 /* Build configuration list for PBXNativeTarget "d3-stories-instagram-example (iOS)" */;
			buildPhases = (
				B2C8A3B7286446E300097727 /* Sources */,
				B2C8A3B8286446E300097727 /* Frameworks */,
				B2C8A3B9286446E300097727 /* Resources */,
			);
			buildRules = (
			);
			dependencies = (
			);
			name = "d3-stories-instagram-example (iOS)";
			packageProductDependencies = (
				7867962F2CF73C6B00352F7A /* d3-stories-instagram */,
			);
			productName = "d3-stories-instagram-example (iOS)";
			productReference = B2C8A3BB286446E300097727 /* d3-stories-instagram-example.app */;
			productType = "com.apple.product-type.application";
		};
		B2C8A3C0286446E300097727 /* d3-stories-instagram-example (macOS) */ = {
			isa = PBXNativeTarget;
			buildConfigurationList = B2C8A3CF286446E300097727 /* Build configuration list for PBXNativeTarget "d3-stories-instagram-example (macOS)" */;
			buildPhases = (
				B2C8A3BD286446E300097727 /* Sources */,
				B2C8A3BE286446E300097727 /* Frameworks */,
				B2C8A3BF286446E300097727 /* Resources */,
			);
			buildRules = (
			);
			dependencies = (
			);
			name = "d3-stories-instagram-example (macOS)";
			packageProductDependencies = (
				786796312CF73C7600352F7A /* d3-stories-instagram */,
			);
			productName = "d3-stories-instagram-example (macOS)";
			productReference = B2C8A3C1286446E300097727 /* d3-stories-instagram-example.app */;
			productType = "com.apple.product-type.application";
		};
/* End PBXNativeTarget section */

/* Begin PBXProject section */
		B2C8A3AF286446E100097727 /* Project object */ = {
			isa = PBXProject;
			attributes = {
				BuildIndependentTargetsInParallel = 1;
				LastSwiftUpdateCheck = 1340;
				LastUpgradeCheck = 1340;
				TargetAttributes = {
					B2C8A3BA286446E300097727 = {
						CreatedOnToolsVersion = 13.4.1;
					};
					B2C8A3C0286446E300097727 = {
						CreatedOnToolsVersion = 13.4.1;
					};
				};
			};
			buildConfigurationList = B2C8A3B2286446E100097727 /* Build configuration list for PBXProject "d3-stories-instagram-example" */;
			compatibilityVersion = "Xcode 13.0";
			developmentRegion = en;
			hasScannedForEncodings = 0;
			knownRegions = (
				en,
				Base,
				es,
			);
			mainGroup = B2C8A3AE286446E100097727;
			packageReferences = (
				7867962E2CF73C5A00352F7A /* XCRemoteSwiftPackageReference "d3-stories-instagram" */,
			);
			productRefGroup = B2C8A3BC286446E300097727 /* Products */;
			projectDirPath = "";
			projectRoot = "";
			targets = (
				B2C8A3BA286446E300097727 /* d3-stories-instagram-example (iOS) */,
				B2C8A3C0286446E300097727 /* d3-stories-instagram-example (macOS) */,
			);
		};
/* End PBXProject section */

/* Begin PBXResourcesBuildPhase section */
		B2C8A3B9286446E300097727 /* Resources */ = {
			isa = PBXResourcesBuildPhase;
			buildActionMask = 2147483647;
			files = (
				B2903272286B0C88007E0B93 /* README.md in Resources */,
				B2C8A3C8286446E300097727 /* Assets.xcassets in Resources */,
			);
			runOnlyForDeploymentPostprocessing = 0;
		};
		B2C8A3BF286446E300097727 /* Resources */ = {
			isa = PBXResourcesBuildPhase;
			buildActionMask = 2147483647;
			files = (
				B2C8A3C9286446E300097727 /* Assets.xcassets in Resources */,
			);
			runOnlyForDeploymentPostprocessing = 0;
		};
/* End PBXResourcesBuildPhase section */

/* Begin PBXSourcesBuildPhase section */
		B2C8A3B7286446E300097727 /* Sources */ = {
			isa = PBXSourcesBuildPhase;
			buildActionMask = 2147483647;
			files = (
				B2C8A3C6286446E300097727 /* ContentView.swift in Sources */,
				B2C8A3C4286446E300097727 /* d3_stories_instagram_exampleApp.swift in Sources */,
			);
			runOnlyForDeploymentPostprocessing = 0;
		};
		B2C8A3BD286446E300097727 /* Sources */ = {
			isa = PBXSourcesBuildPhase;
			buildActionMask = 2147483647;
			files = (
				B2C8A3C7286446E300097727 /* ContentView.swift in Sources */,
				B2C8A3C5286446E300097727 /* d3_stories_instagram_exampleApp.swift in Sources */,
			);
			runOnlyForDeploymentPostprocessing = 0;
		};
/* End PBXSourcesBuildPhase section */

/* Begin XCBuildConfiguration section */
		B2C8A3CA286446E300097727 /* Debug */ = {
			isa = XCBuildConfiguration;
			buildSettings = {
				ALWAYS_SEARCH_USER_PATHS = NO;
				CLANG_ANALYZER_NONNULL = YES;
				CLANG_ANALYZER_NUMBER_OBJECT_CONVERSION = YES_AGGRESSIVE;
				CLANG_CXX_LANGUAGE_STANDARD = "gnu++17";
				CLANG_ENABLE_MODULES = YES;
				CLANG_ENABLE_OBJC_ARC = YES;
				CLANG_ENABLE_OBJC_WEAK = YES;
				CLANG_WARN_BLOCK_CAPTURE_AUTORELEASING = YES;
				CLANG_WARN_BOOL_CONVERSION = YES;
				CLANG_WARN_COMMA = YES;
				CLANG_WARN_CONSTANT_CONVERSION = YES;
				CLANG_WARN_DEPRECATED_OBJC_IMPLEMENTATIONS = YES;
				CLANG_WARN_DIRECT_OBJC_ISA_USAGE = YES_ERROR;
				CLANG_WARN_DOCUMENTATION_COMMENTS = YES;
				CLANG_WARN_EMPTY_BODY = YES;
				CLANG_WARN_ENUM_CONVERSION = YES;
				CLANG_WARN_INFINITE_RECURSION = YES;
				CLANG_WARN_INT_CONVERSION = YES;
				CLANG_WARN_NON_LITERAL_NULL_CONVERSION = YES;
				CLANG_WARN_OBJC_IMPLICIT_RETAIN_SELF = YES;
				CLANG_WARN_OBJC_LITERAL_CONVERSION = YES;
				CLANG_WARN_OBJC_ROOT_CLASS = YES_ERROR;
				CLANG_WARN_QUOTED_INCLUDE_IN_FRAMEWORK_HEADER = YES;
				CLANG_WARN_RANGE_LOOP_ANALYSIS = YES;
				CLANG_WARN_STRICT_PROTOTYPES = YES;
				CLANG_WARN_SUSPICIOUS_MOVE = YES;
				CLANG_WARN_UNGUARDED_AVAILABILITY = YES_AGGRESSIVE;
				CLANG_WARN_UNREACHABLE_CODE = YES;
				CLANG_WARN__DUPLICATE_METHOD_MATCH = YES;
				COPY_PHASE_STRIP = NO;
				DEBUG_INFORMATION_FORMAT = dwarf;
				ENABLE_STRICT_OBJC_MSGSEND = YES;
				ENABLE_TESTABILITY = YES;
				GCC_C_LANGUAGE_STANDARD = gnu11;
				GCC_DYNAMIC_NO_PIC = NO;
				GCC_NO_COMMON_BLOCKS = YES;
				GCC_OPTIMIZATION_LEVEL = 0;
				GCC_PREPROCESSOR_DEFINITIONS = (
					"DEBUG=1",
					"$(inherited)",
				);
				GCC_WARN_64_TO_32_BIT_CONVERSION = YES;
				GCC_WARN_ABOUT_RETURN_TYPE = YES_ERROR;
				GCC_WARN_UNDECLARED_SELECTOR = YES;
				GCC_WARN_UNINITIALIZED_AUTOS = YES_AGGRESSIVE;
				GCC_WARN_UNUSED_FUNCTION = YES;
				GCC_WARN_UNUSED_VARIABLE = YES;
				MTL_ENABLE_DEBUG_INFO = INCLUDE_SOURCE;
				MTL_FAST_MATH = YES;
				ONLY_ACTIVE_ARCH = YES;
				SWIFT_ACTIVE_COMPILATION_CONDITIONS = DEBUG;
				SWIFT_EMIT_LOC_STRINGS = YES;
				SWIFT_OPTIMIZATION_LEVEL = "-Onone";
			};
			name = Debug;
		};
		B2C8A3CB286446E300097727 /* Release */ = {
			isa = XCBuildConfiguration;
			buildSettings = {
				ALWAYS_SEARCH_USER_PATHS = NO;
				CLANG_ANALYZER_NONNULL = YES;
				CLANG_ANALYZER_NUMBER_OBJECT_CONVERSION = YES_AGGRESSIVE;
				CLANG_CXX_LANGUAGE_STANDARD = "gnu++17";
				CLANG_ENABLE_MODULES = YES;
				CLANG_ENABLE_OBJC_ARC = YES;
				CLANG_ENABLE_OBJC_WEAK = YES;
				CLANG_WARN_BLOCK_CAPTURE_AUTORELEASING = YES;
				CLANG_WARN_BOOL_CONVERSION = YES;
				CLANG_WARN_COMMA = YES;
				CLANG_WARN_CONSTANT_CONVERSION = YES;
				CLANG_WARN_DEPRECATED_OBJC_IMPLEMENTATIONS = YES;
				CLANG_WARN_DIRECT_OBJC_ISA_USAGE = YES_ERROR;
				CLANG_WARN_DOCUMENTATION_COMMENTS = YES;
				CLANG_WARN_EMPTY_BODY = YES;
				CLANG_WARN_ENUM_CONVERSION = YES;
				CLANG_WARN_INFINITE_RECURSION = YES;
				CLANG_WARN_INT_CONVERSION = YES;
				CLANG_WARN_NON_LITERAL_NULL_CONVERSION = YES;
				CLANG_WARN_OBJC_IMPLICIT_RETAIN_SELF = YES;
				CLANG_WARN_OBJC_LITERAL_CONVERSION = YES;
				CLANG_WARN_OBJC_ROOT_CLASS = YES_ERROR;
				CLANG_WARN_QUOTED_INCLUDE_IN_FRAMEWORK_HEADER = YES;
				CLANG_WARN_RANGE_LOOP_ANALYSIS = YES;
				CLANG_WARN_STRICT_PROTOTYPES = YES;
				CLANG_WARN_SUSPICIOUS_MOVE = YES;
				CLANG_WARN_UNGUARDED_AVAILABILITY = YES_AGGRESSIVE;
				CLANG_WARN_UNREACHABLE_CODE = YES;
				CLANG_WARN__DUPLICATE_METHOD_MATCH = YES;
				COPY_PHASE_STRIP = NO;
				DEBUG_INFORMATION_FORMAT = "dwarf-with-dsym";
				ENABLE_NS_ASSERTIONS = NO;
				ENABLE_STRICT_OBJC_MSGSEND = YES;
				GCC_C_LANGUAGE_STANDARD = gnu11;
				GCC_NO_COMMON_BLOCKS = YES;
				GCC_WARN_64_TO_32_BIT_CONVERSION = YES;
				GCC_WARN_ABOUT_RETURN_TYPE = YES_ERROR;
				GCC_WARN_UNDECLARED_SELECTOR = YES;
				GCC_WARN_UNINITIALIZED_AUTOS = YES_AGGRESSIVE;
				GCC_WARN_UNUSED_FUNCTION = YES;
				GCC_WARN_UNUSED_VARIABLE = YES;
				MTL_ENABLE_DEBUG_INFO = NO;
				MTL_FAST_MATH = YES;
				SWIFT_COMPILATION_MODE = wholemodule;
				SWIFT_EMIT_LOC_STRINGS = YES;
				SWIFT_OPTIMIZATION_LEVEL = "-O";
			};
			name = Release;
		};
		B2C8A3CD286446E300097727 /* Debug */ = {
			isa = XCBuildConfiguration;
			buildSettings = {
				ASSETCATALOG_COMPILER_APPICON_NAME = AppIcon;
				ASSETCATALOG_COMPILER_GLOBAL_ACCENT_COLOR_NAME = AccentColor;
				CODE_SIGN_STYLE = Automatic;
				CURRENT_PROJECT_VERSION = 1;
				DEVELOPMENT_TEAM = FZ42RW4USG;
				ENABLE_PREVIEWS = YES;
				GENERATE_INFOPLIST_FILE = YES;
				INFOPLIST_KEY_UIApplicationSceneManifest_Generation = YES;
				INFOPLIST_KEY_UIApplicationSupportsIndirectInputEvents = YES;
				INFOPLIST_KEY_UILaunchScreen_Generation = YES;
				INFOPLIST_KEY_UISupportedInterfaceOrientations_iPad = "UIInterfaceOrientationPortrait UIInterfaceOrientationPortraitUpsideDown UIInterfaceOrientationLandscapeLeft UIInterfaceOrientationLandscapeRight";
				INFOPLIST_KEY_UISupportedInterfaceOrientations_iPhone = "UIInterfaceOrientationPortrait UIInterfaceOrientationLandscapeLeft UIInterfaceOrientationLandscapeRight";
				IPHONEOS_DEPLOYMENT_TARGET = 15.5;
				LD_RUNPATH_SEARCH_PATHS = (
					"$(inherited)",
					"@executable_path/Frameworks",
				);
				MARKETING_VERSION = 1.0;
				PRODUCT_BUNDLE_IDENTIFIER = "ishelopaev.d3-stories-instagram-example";
				PRODUCT_NAME = "d3-stories-instagram-example";
				SDKROOT = iphoneos;
				SWIFT_EMIT_LOC_STRINGS = YES;
				SWIFT_VERSION = 5.0;
				TARGETED_DEVICE_FAMILY = "1,2";
			};
			name = Debug;
		};
		B2C8A3CE286446E300097727 /* Release */ = {
			isa = XCBuildConfiguration;
			buildSettings = {
				ASSETCATALOG_COMPILER_APPICON_NAME = AppIcon;
				ASSETCATALOG_COMPILER_GLOBAL_ACCENT_COLOR_NAME = AccentColor;
				CODE_SIGN_STYLE = Automatic;
				CURRENT_PROJECT_VERSION = 1;
				DEVELOPMENT_TEAM = FZ42RW4USG;
				ENABLE_PREVIEWS = YES;
				GENERATE_INFOPLIST_FILE = YES;
				INFOPLIST_KEY_UIApplicationSceneManifest_Generation = YES;
				INFOPLIST_KEY_UIApplicationSupportsIndirectInputEvents = YES;
				INFOPLIST_KEY_UILaunchScreen_Generation = YES;
				INFOPLIST_KEY_UISupportedInterfaceOrientations_iPad = "UIInterfaceOrientationPortrait UIInterfaceOrientationPortraitUpsideDown UIInterfaceOrientationLandscapeLeft UIInterfaceOrientationLandscapeRight";
				INFOPLIST_KEY_UISupportedInterfaceOrientations_iPhone = "UIInterfaceOrientationPortrait UIInterfaceOrientationLandscapeLeft UIInterfaceOrientationLandscapeRight";
				IPHONEOS_DEPLOYMENT_TARGET = 15.5;
				LD_RUNPATH_SEARCH_PATHS = (
					"$(inherited)",
					"@executable_path/Frameworks",
				);
				MARKETING_VERSION = 1.0;
				PRODUCT_BUNDLE_IDENTIFIER = "ishelopaev.d3-stories-instagram-example";
				PRODUCT_NAME = "d3-stories-instagram-example";
				SDKROOT = iphoneos;
				SWIFT_EMIT_LOC_STRINGS = YES;
				SWIFT_VERSION = 5.0;
				TARGETED_DEVICE_FAMILY = "1,2";
				VALIDATE_PRODUCT = YES;
			};
			name = Release;
		};
		B2C8A3D0286446E300097727 /* Debug */ = {
			isa = XCBuildConfiguration;
			buildSettings = {
				ASSETCATALOG_COMPILER_APPICON_NAME = AppIcon;
				ASSETCATALOG_COMPILER_GLOBAL_ACCENT_COLOR_NAME = AccentColor;
				CODE_SIGN_ENTITLEMENTS = macOS/macOS.entitlements;
				CODE_SIGN_STYLE = Automatic;
				COMBINE_HIDPI_IMAGES = YES;
				CURRENT_PROJECT_VERSION = 1;
				DEVELOPMENT_TEAM = FZ42RW4USG;
				ENABLE_HARDENED_RUNTIME = YES;
				ENABLE_PREVIEWS = YES;
				GENERATE_INFOPLIST_FILE = YES;
				INFOPLIST_KEY_NSHumanReadableCopyright = "";
				LD_RUNPATH_SEARCH_PATHS = (
					"$(inherited)",
					"@executable_path/../Frameworks",
				);
				MACOSX_DEPLOYMENT_TARGET = 12.3;
				MARKETING_VERSION = 1.0;
				PRODUCT_BUNDLE_IDENTIFIER = "ishelopaev.d3-stories-instagram-example";
				PRODUCT_NAME = "d3-stories-instagram-example";
				SDKROOT = macosx;
				SWIFT_EMIT_LOC_STRINGS = YES;
				SWIFT_VERSION = 5.0;
			};
			name = Debug;
		};
		B2C8A3D1286446E300097727 /* Release */ = {
			isa = XCBuildConfiguration;
			buildSettings = {
				ASSETCATALOG_COMPILER_APPICON_NAME = AppIcon;
				ASSETCATALOG_COMPILER_GLOBAL_ACCENT_COLOR_NAME = AccentColor;
				CODE_SIGN_ENTITLEMENTS = macOS/macOS.entitlements;
				CODE_SIGN_STYLE = Automatic;
				COMBINE_HIDPI_IMAGES = YES;
				CURRENT_PROJECT_VERSION = 1;
				DEVELOPMENT_TEAM = FZ42RW4USG;
				ENABLE_HARDENED_RUNTIME = YES;
				ENABLE_PREVIEWS = YES;
				GENERATE_INFOPLIST_FILE = YES;
				INFOPLIST_KEY_NSHumanReadableCopyright = "";
				LD_RUNPATH_SEARCH_PATHS = (
					"$(inherited)",
					"@executable_path/../Frameworks",
				);
				MACOSX_DEPLOYMENT_TARGET = 12.3;
				MARKETING_VERSION = 1.0;
				PRODUCT_BUNDLE_IDENTIFIER = "ishelopaev.d3-stories-instagram-example";
				PRODUCT_NAME = "d3-stories-instagram-example";
				SDKROOT = macosx;
				SWIFT_EMIT_LOC_STRINGS = YES;
				SWIFT_VERSION = 5.0;
			};
			name = Release;
		};
/* End XCBuildConfiguration section */

/* Begin XCConfigurationList section */
		B2C8A3B2286446E100097727 /* Build configuration list for PBXProject "d3-stories-instagram-example" */ = {
			isa = XCConfigurationList;
			buildConfigurations = (
				B2C8A3CA286446E300097727 /* Debug */,
				B2C8A3CB286446E300097727 /* Release */,
			);
			defaultConfigurationIsVisible = 0;
			defaultConfigurationName = Release;
		};
		B2C8A3CC286446E300097727 /* Build configuration list for PBXNativeTarget "d3-stories-instagram-example (iOS)" */ = {
			isa = XCConfigurationList;
			buildConfigurations = (
				B2C8A3CD286446E300097727 /* Debug */,
				B2C8A3CE286446E300097727 /* Release */,
			);
			defaultConfigurationIsVisible = 0;
			defaultConfigurationName = Release;
		};
		B2C8A3CF286446E300097727 /* Build configuration list for PBXNativeTarget "d3-stories-instagram-example (macOS)" */ = {
			isa = XCConfigurationList;
			buildConfigurations = (
				B2C8A3D0286446E300097727 /* Debug */,
				B2C8A3D1286446E300097727 /* Release */,
			);
			defaultConfigurationIsVisible = 0;
			defaultConfigurationName = Release;
		};
/* End XCConfigurationList section */

/* Begin XCRemoteSwiftPackageReference section */
		7867962E2CF73C5A00352F7A /* XCRemoteSwiftPackageReference "d3-stories-instagram" */ = {
			isa = XCRemoteSwiftPackageReference;
			repositoryURL = "https://github.com/swiftuiux/d3-stories-instagram";
			requirement = {
				branch = main;
				kind = branch;
			};
		};
/* End XCRemoteSwiftPackageReference section */

/* Begin XCSwiftPackageProductDependency section */
		7867962F2CF73C6B00352F7A /* d3-stories-instagram */ = {
			isa = XCSwiftPackageProductDependency;
			package = 7867962E2CF73C5A00352F7A /* XCRemoteSwiftPackageReference "d3-stories-instagram" */;
			productName = "d3-stories-instagram";
		};
		786796312CF73C7600352F7A /* d3-stories-instagram */ = {
			isa = XCSwiftPackageProductDependency;
			package = 7867962E2CF73C5A00352F7A /* XCRemoteSwiftPackageReference "d3-stories-instagram" */;
			productName = "d3-stories-instagram";
		};
/* End XCSwiftPackageProductDependency section */
	};
	rootObject = B2C8A3AF286446E100097727 /* Project object */;
}
